
Microsoft Visual Studio Solution File, Format Version 12.00
# Visual Studio Version 16
VisualStudioVersion = 16.0.30523.141
MinimumVisualStudioVersion = 10.0.40219.1
Project("{FAE04EC0-301F-11D3-BF4B-00C04F79EFBC}") = "MvcMovie_CF", "MvcMovie_CF\MvcMovie_CF.csproj", "{FEB338D4-1D95-462E-A3DF-E5FFA8031F85}"
EndProject
Global
	GlobalSection(SolutionConfigurationPlatforms) = preSolution
		Debug|Any CPU = Debug|Any CPU
		Release|Any CPU = Release|Any CPU
	EndGlobalSection
	GlobalSection(ProjectConfigurationPlatforms) = postSolution
		{FEB338D4-1D95-462E-A3DF-E5FFA8031F85}.Debug|Any CPU.ActiveCfg = Debug|Any CPU
		{FEB338D4-1D95-462E-A3DF-E5FFA8031F85}.Debug|Any CPU.Build.0 = Debug|Any CPU
		{FEB338D4-1D95-462E-A3DF-E5FFA8031F85}.Release|Any CPU.ActiveCfg = Release|Any CPU
		{FEB338D4-1D95-462E-A3DF-E5FFA8031F85}.Release|Any CPU.Build.0 = Release|Any CPU
	EndGlobalSection
	GlobalSection(SolutionProperties) = preSolution
		HideSolutionNode = FALSE
	EndGlobalSection
	GlobalSection(ExtensibilityGlobals) = postSolution
		SolutionGuid = {83FAD878-6F57-493F-ADA0-D4B9D81DC50D}
	EndGlobalSection
EndGlobal
